
Microsoft Visual Studio Solution File, Format Version 12.00
# Visual Studio Version 17
VisualStudioVersion = 17.3.32901.215
MinimumVisualStudioVersion = 10.0.40219.1
Project("{8BC9CEB8-8B4A-11D0-8D11-00A0C91BC942}") = "4 nomer", "4 nomer\4 nomer.vcxproj", "{5BCC1FAE-B7BF-4383-8636-95476C050C0E}"
EndProject
Global
	GlobalSection(SolutionConfigurationPlatforms) = preSolution
		Debug|x64 = Debug|x64
		Debug|x86 = Debug|x86
		Release|x64 = Release|x64
		Release|x86 = Release|x86
	EndGlobalSection
	GlobalSection(ProjectConfigurationPlatforms) = postSolution
		{5BCC1FAE-B7BF-4383-8636-95476C050C0E}.Debug|x64.ActiveCfg = Debug|x64
		{5BCC1FAE-B7BF-4383-8636-95476C050C0E}.Debug|x64.Build.0 = Debug|x64
		{5BCC1FAE-B7BF-4383-8636-95476C050C0E}.Debug|x86.ActiveCfg = Debug|Win32
		{5BCC1FAE-B7BF-4383-8636-95476C050C0E}.Debug|x86.Build.0 = Debug|Win32
		{5BCC1FAE-B7BF-4383-8636-95476C050C0E}.Release|x64.ActiveCfg = Release|x64
		{5BCC1FAE-B7BF-4383-8636-95476C050C0E}.Release|x64.Build.0 = Release|x64
		{5BCC1FAE-B7BF-4383-8636-95476C050C0E}.Release|x86.ActiveCfg = Release|Win32
		{5BCC1FAE-B7BF-4383-8636-95476C050C0E}.Release|x86.Build.0 = Release|Win32
	EndGlobalSection
	GlobalSection(SolutionProperties) = preSolution
		HideSolutionNode = FALSE
	EndGlobalSection
	GlobalSection(ExtensibilityGlobals) = postSolution
		SolutionGuid = {F2DCF604-4B35-434B-8B18-D3DE312F7917}
	EndGlobalSection
EndGlobal
